
Microsoft Visual Studio Solution File, Format Version 12.00
# Visual Studio Version 16
VisualStudioVersion = 16.0.30717.126
MinimumVisualStudioVersion = 10.0.40219.1
Project("{FAE04EC0-301F-11D3-BF4B-00C04F79EFBC}") = "PasswordGenerator", "PasswordGenerator\PasswordGenerator.csproj", "{4ECCC9E6-DC6E-4AC1-857D-473669F9C57B}"
EndProject
Global
	GlobalSection(SolutionConfigurationPlatforms) = preSolution
		Debug|Any CPU = Debug|Any CPU
		Release|Any CPU = Release|Any CPU
	EndGlobalSection
	GlobalSection(ProjectConfigurationPlatforms) = postSolution
		{4ECCC9E6-DC6E-4AC1-857D-473669F9C57B}.Debug|Any CPU.ActiveCfg = Debug|Any CPU
		{4ECCC9E6-DC6E-4AC1-857D-473669F9C57B}.Debug|Any CPU.Build.0 = Debug|Any CPU
		{4ECCC9E6-DC6E-4AC1-857D-473669F9C57B}.Release|Any CPU.ActiveCfg = Release|Any CPU
		{4ECCC9E6-DC6E-4AC1-857D-473669F9C57B}.Release|Any CPU.Build.0 = Release|Any CPU
	EndGlobalSection
	GlobalSection(SolutionProperties) = preSolution
		HideSolutionNode = FALSE
	EndGlobalSection
	GlobalSection(ExtensibilityGlobals) = postSolution
		SolutionGuid = {99A67C53-6569-4F5B-AE7F-7EF4D4ADE961}
	EndGlobalSection
EndGlobal
